// !$*UTF8*$!
{
	archiveVersion = 1;
	classes = {
	};
	objectVersion = 77;
	objects = {

/* Begin PBXBuildFile section */
		2324906A2F67B5DB00B5A9C7 /* SwiftSoup in Frameworks */ = {isa = PBXBuildFile; productRef = 232490692F67B5DB00B5A9C7 /* SwiftSoup */; };
		2324906C2F67B5DB00B5A9C7 /* SwiftSoupProfile in Frameworks */ = {isa = PBXBuildFile; productRef = 2324906B2F67B5DB00B5A9C7 /* SwiftSoupProfile */; };
		236527272F74A8250077C95B /* SwiftUI.framework in Frameworks */ = {isa = PBXBuildFile; fileRef = 23F27F032F719E5300A2B2FE /* SwiftUI.framework */; };
		2365272B2F74A8720077C95B /* SwiftSoup in Frameworks */ = {isa = PBXBuildFile; productRef = 2365272A2F74A8720077C95B /* SwiftSoup */; };
		23F27F022F719E5300A2B2FE /* WidgetKit.framework in Frameworks */ = {isa = PBXBuildFile; fileRef = 23F27F012F719E5200A2B2FE /* WidgetKit.framework */; };
		23F27F152F719E5500A2B2FE /* wildcat.NOAA-Weather.widgetsExtension.appex in Embed Foundation Extensions */ = {isa = PBXBuildFile; fileRef = 23F27EFF2F719E5200A2B2FE /* wildcat.NOAA-Weather.widgetsExtension.appex */; settings = {ATTRIBUTES = (RemoveHeadersOnCopy, ); }; };
/* End PBXBuildFile section */

/* Begin PBXContainerItemProxy section */
		2397FDAC2F676BDA0064D57F /* PBXContainerItemProxy */ = {
			isa = PBXContainerItemProxy;
			containerPortal = 2397FD962F676BD80064D57F /* Project object */;
			proxyType = 1;
			remoteGlobalIDString = 2397FD9D2F676BD80064D57F;
			remoteInfo = "NOAA Weather";
		};
		2397FDB62F676BDA0064D57F /* PBXContainerItemProxy */ = {
			isa = PBXContainerItemProxy;
			containerPortal = 2397FD962F676BD80064D57F /* Project object */;
			proxyType = 1;
			remoteGlobalIDString = 2397FD9D2F676BD80064D57F;
			remoteInfo = "NOAA Weather";
		};
		23F27F132F719E5500A2B2FE /* PBXContainerItemProxy */ = {
			isa = PBXContainerItemProxy;
			containerPortal = 2397FD962F676BD80064D57F /* Project object */;
			proxyType = 1;
			remoteGlobalIDString = 23F27EFE2F719E5200A2B2FE;
			remoteInfo = "wildcat.NOAA-Weather.widgetsExtension";
		};
/* End PBXContainerItemProxy section */

/* Begin PBXCopyFilesBuildPhase section */
		23F27F1A2F719E5500A2B2FE /* Embed Foundation Extensions */ = {
			isa = PBXCopyFilesBuildPhase;
			buildActionMask = 2147483647;
			dstPath = "";
			dstSubfolderSpec = 13;
			files = (
				23F27F152F719E5500A2B2FE /* wildcat.NOAA-Weather.widgetsExtension.appex in Embed Foundation Extensions */,
			);
			name = "Embed Foundation Extensions";
			runOnlyForDeploymentPostprocessing = 0;
		};
/* End PBXCopyFilesBuildPhase section */

/* Begin PBXFileReference section */
		2397FD9E2F676BD80064D57F /* NOAA Weather.app */ = {isa = PBXFileReference; explicitFileType = wrapper.application; includeInIndex = 0; path = "NOAA Weather.app"; sourceTree = BUILT_PRODUCTS_DIR; };
		2397FDAB2F676BDA0064D57F /* NOAA WeatherTests.xctest */ = {isa = PBXFileReference; explicitFileType = wrapper.cfbundle; includeInIndex = 0; path = "NOAA WeatherTests.xctest"; sourceTree = BUILT_PRODUCTS_DIR; };
		2397FDB52F676BDA0064D57F /* NOAA WeatherUITests.xctest */ = {isa = PBXFileReference; explicitFileType = wrapper.cfbundle; includeInIndex = 0; path = "NOAA WeatherUITests.xctest"; sourceTree = BUILT_PRODUCTS_DIR; };
		23D8013B2F720188009AD4D5 /* wildcat.NOAA-Weather.widgetsExtension.entitlements */ = {isa = PBXFileReference; lastKnownFileType = text.plist.entitlements; path = "wildcat.NOAA-Weather.widgetsExtension.entitlements"; sourceTree = "<group>"; };
		23F27EFF2F719E5200A2B2FE /* wildcat.NOAA-Weather.widgetsExtension.appex */ = {isa = PBXFileReference; explicitFileType = "wrapper.app-extension"; includeInIndex = 0; path = "wildcat.NOAA-Weather.widgetsExtension.appex"; sourceTree = BUILT_PRODUCTS_DIR; };
		23F27F012F719E5200A2B2FE /* WidgetKit.framework */ = {isa = PBXFileReference; lastKnownFileType = wrapper.framework; name = WidgetKit.framework; path = System/Library/Frameworks/WidgetKit.framework; sourceTree = SDKROOT; };
		23F27F032F719E5300A2B2FE /* SwiftUI.framework */ = {isa = PBXFileReference; lastKnownFileType = wrapper.framework; name = SwiftUI.framework; path = System/Library/Frameworks/SwiftUI.framework; sourceTree = SDKROOT; };
/* End PBXFileReference section */

/* Begin PBXFileSystemSynchronizedBuildFileExceptionSet section */
		23D8013A2F71F511009AD4D5 /* Exceptions for "NOAA Weather" folder in "wildcat.NOAA-Weather.widgetsExtension" target */ = {
			isa = PBXFileSystemSynchronizedBuildFileExceptionSet;
			membershipExceptions = (
				ForecastAnalyzer.swift,
				WeatherModel.swift,
				WidgetData.swift,
			);
			target = 23F27EFE2F719E5200A2B2FE /* wildcat.NOAA-Weather.widgetsExtension */;
		};
		23F27F162F719E5500A2B2FE /* Exceptions for "wildcat.NOAA-Weather.widgets" folder in "wildcat.NOAA-Weather.widgetsExtension" target */ = {
			isa = PBXFileSystemSynchronizedBuildFileExceptionSet;
			membershipExceptions = (
				Info.plist,
			);
			target = 23F27EFE2F719E5200A2B2FE /* wildcat.NOAA-Weather.widgetsExtension */;
		};
/* End PBXFileSystemSynchronizedBuildFileExceptionSet section */

/* Begin PBXFileSystemSynchronizedRootGroup section */
		2397FDA02F676BD80064D57F /* NOAA Weather */ = {
			isa = PBXFileSystemSynchronizedRootGroup;
			exceptions = (
				23D8013A2F71F511009AD4D5 /* Exceptions for "NOAA Weather" folder in "wildcat.NOAA-Weather.widgetsExtension" target */,
			);
			path = "NOAA Weather";
			sourceTree = "<group>";
		};
		2397FDAE2F676BDA0064D57F /* NOAA WeatherTests */ = {
			isa = PBXFileSystemSynchronizedRootGroup;
			path = "NOAA WeatherTests";
			sourceTree = "<group>";
		};
		2397FDB82F676BDA0064D57F /* NOAA WeatherUITests */ = {
			isa = PBXFileSystemSynchronizedRootGroup;
			path = "NOAA WeatherUITests";
			sourceTree = "<group>";
		};
		23F27F052F719E5300A2B2FE /* wildcat.NOAA-Weather.widgets */ = {
			isa = PBXFileSystemSynchronizedRootGroup;
			exceptions = (
				23F27F162F719E5500A2B2FE /* Exceptions for "wildcat.NOAA-Weather.widgets" folder in "wildcat.NOAA-Weather.widgetsExtension" target */,
			);
			path = "wildcat.NOAA-Weather.widgets";
			sourceTree = "<group>";
		};
/* End PBXFileSystemSynchronizedRootGroup section */

/* Begin PBXFrameworksBuildPhase section */
		2397FD9B2F676BD80064D57F /* Frameworks */ = {
			isa = PBXFrameworksBuildPhase;
			buildActionMask = 2147483647;
			files = (
				2324906A2F67B5DB00B5A9C7 /* SwiftSoup in Frameworks */,
				2324906C2F67B5DB00B5A9C7 /* SwiftSoupProfile in Frameworks */,
			);
			runOnlyForDeploymentPostprocessing = 0;
		};
		2397FDA82F676BDA0064D57F /* Frameworks */ = {
			isa = PBXFrameworksBuildPhase;
			buildActionMask = 2147483647;
			files = (
			);
			runOnlyForDeploymentPostprocessing = 0;
		};
		2397FDB22F676BDA0064D57F /* Frameworks */ = {
			isa = PBXFrameworksBuildPhase;
			buildActionMask = 2147483647;
			files = (
			);
			runOnlyForDeploymentPostprocessing = 0;
		};
		23F27EFC2F719E5200A2B2FE /* Frameworks */ = {
			isa = PBXFrameworksBuildPhase;
			buildActionMask = 2147483647;
			files = (
				236527272F74A8250077C95B /* SwiftUI.framework in Frameworks */,
				23F27F022F719E5300A2B2FE /* WidgetKit.framework in Frameworks */,
				2365272B2F74A8720077C95B /* SwiftSoup in Frameworks */,
			);
			runOnlyForDeploymentPostprocessing = 0;
		};
/* End PBXFrameworksBuildPhase section */

/* Begin PBXGroup section */
		2397FD952F676BD80064D57F = {
			isa = PBXGroup;
			children = (
				23D8013B2F720188009AD4D5 /* wildcat.NOAA-Weather.widgetsExtension.entitlements */,
				2397FDA02F676BD80064D57F /* NOAA Weather */,
				2397FDAE2F676BDA0064D57F /* NOAA WeatherTests */,
				2397FDB82F676BDA0064D57F /* NOAA WeatherUITests */,
				23F27F052F719E5300A2B2FE /* wildcat.NOAA-Weather.widgets */,
				23F27F002F719E5200A2B2FE /* Frameworks */,
				2397FD9F2F676BD80064D57F /* Products */,
			);
			sourceTree = "<group>";
		};
		2397FD9F2F676BD80064D57F /* Products */ = {
			isa = PBXGroup;
			children = (
				2397FD9E2F676BD80064D57F /* NOAA Weather.app */,
				2397FDAB2F676BDA0064D57F /* NOAA WeatherTests.xctest */,
				2397FDB52F676BDA0064D57F /* NOAA WeatherUITests.xctest */,
				23F27EFF2F719E5200A2B2FE /* wildcat.NOAA-Weather.widgetsExtension.appex */,
			);
			name = Products;
			sourceTree = "<group>";
		};
		23F27F002F719E5200A2B2FE /* Frameworks */ = {
			isa = PBXGroup;
			children = (
				23F27F012F719E5200A2B2FE /* WidgetKit.framework */,
				23F27F032F719E5300A2B2FE /* SwiftUI.framework */,
			);
			name = Frameworks;
			sourceTree = "<group>";
		};
/* End PBXGroup section */

/* Begin PBXNativeTarget section */
		2397FD9D2F676BD80064D57F /* NOAA Weather */ = {
			isa = PBXNativeTarget;
			buildConfigurationList = 2397FDBF2F676BDA0064D57F /* Build configuration list for PBXNativeTarget "NOAA Weather" */;
			buildPhases = (
				2397FD9A2F676BD80064D57F /* Sources */,
				2397FD9B2F676BD80064D57F /* Frameworks */,
				2397FD9C2F676BD80064D57F /* Resources */,
				23F27F1A2F719E5500A2B2FE /* Embed Foundation Extensions */,
			);
			buildRules = (
			);
			dependencies = (
				23F27F142F719E5500A2B2FE /* PBXTargetDependency */,
			);
			fileSystemSynchronizedGroups = (
				2397FDA02F676BD80064D57F /* NOAA Weather */,
			);
			name = "NOAA Weather";
			packageProductDependencies = (
				232490692F67B5DB00B5A9C7 /* SwiftSoup */,
				2324906B2F67B5DB00B5A9C7 /* SwiftSoupProfile */,
			);
			productName = "NOAA Weather";
			productReference = 2397FD9E2F676BD80064D57F /* NOAA Weather.app */;
			productType = "com.apple.product-type.application";
		};
		2397FDAA2F676BDA0064D57F /* NOAA WeatherTests */ = {
			isa = PBXNativeTarget;
			buildConfigurationList = 2397FDC22F676BDA0064D57F /* Build configuration list for PBXNativeTarget "NOAA WeatherTests" */;
			buildPhases = (
				2397FDA72F676BDA0064D57F /* Sources */,
				2397FDA82F676BDA0064D57F /* Frameworks */,
				2397FDA92F676BDA0064D57F /* Resources */,
			);
			buildRules = (
			);
			dependencies = (
				2397FDAD2F676BDA0064D57F /* PBXTargetDependency */,
			);
			fileSystemSynchronizedGroups = (
				2397FDAE2F676BDA0064D57F /* NOAA WeatherTests */,
			);
			name = "NOAA WeatherTests";
			packageProductDependencies = (
			);
			productName = "NOAA WeatherTests";
			productReference = 2397FDAB2F676BDA0064D57F /* NOAA WeatherTests.xctest */;
			productType = "com.apple.product-type.bundle.unit-test";
		};
		2397FDB42F676BDA0064D57F /* NOAA WeatherUITests */ = {
			isa = PBXNativeTarget;
			buildConfigurationList = 2397FDC52F676BDA0064D57F /* Build configuration list for PBXNativeTarget "NOAA WeatherUITests" */;
			buildPhases = (
				2397FDB12F676BDA0064D57F /* Sources */,
				2397FDB22F676BDA0064D57F /* Frameworks */,
				2397FDB32F676BDA0064D57F /* Resources */,
			);
			buildRules = (
			);
			dependencies = (
				2397FDB72F676BDA0064D57F /* PBXTargetDependency */,
			);
			fileSystemSynchronizedGroups = (
				2397FDB82F676BDA0064D57F /* NOAA WeatherUITests */,
			);
			name = "NOAA WeatherUITests";
			packageProductDependencies = (
			);
			productName = "NOAA WeatherUITests";
			productReference = 2397FDB52F676BDA0064D57F /* NOAA WeatherUITests.xctest */;
			productType = "com.apple.product-type.bundle.ui-testing";
		};
		23F27EFE2F719E5200A2B2FE /* wildcat.NOAA-Weather.widgetsExtension */ = {
			isa = PBXNativeTarget;
			buildConfigurationList = 23F27F172F719E5500A2B2FE /* Build configuration list for PBXNativeTarget "wildcat.NOAA-Weather.widgetsExtension" */;
			buildPhases = (
				23F27EFB2F719E5200A2B2FE /* Sources */,
				23F27EFC2F719E5200A2B2FE /* Frameworks */,
				23F27EFD2F719E5200A2B2FE /* Resources */,
			);
			buildRules = (
			);
			dependencies = (
			);
			fileSystemSynchronizedGroups = (
				23F27F052F719E5300A2B2FE /* wildcat.NOAA-Weather.widgets */,
			);
			name = "wildcat.NOAA-Weather.widgetsExtension";
			packageProductDependencies = (
				2365272A2F74A8720077C95B /* SwiftSoup */,
			);
			productName = "wildcat.NOAA-Weather.widgetsExtension";
			productReference = 23F27EFF2F719E5200A2B2FE /* wildcat.NOAA-Weather.widgetsExtension.appex */;
			productType = "com.apple.product-type.app-extension";
		};
/* End PBXNativeTarget section */

/* Begin PBXProject section */
		2397FD962F676BD80064D57F /* Project object */ = {
			isa = PBXProject;
			attributes = {
				BuildIndependentTargetsInParallel = 1;
				LastSwiftUpdateCheck = 2630;
				LastUpgradeCheck = 2630;
				TargetAttributes = {
					2397FD9D2F676BD80064D57F = {
						CreatedOnToolsVersion = 26.3;
					};
					2397FDAA2F676BDA0064D57F = {
						CreatedOnToolsVersion = 26.3;
						TestTargetID = 2397FD9D2F676BD80064D57F;
					};
					2397FDB42F676BDA0064D57F = {
						CreatedOnToolsVersion = 26.3;
						TestTargetID = 2397FD9D2F676BD80064D57F;
					};
					23F27EFE2F719E5200A2B2FE = {
						CreatedOnToolsVersion = 26.3;
					};
				};
			};
			buildConfigurationList = 2397FD992F676BD80064D57F /* Build configuration list for PBXProject "NOAA Weather" */;
			developmentRegion = en;
			hasScannedForEncodings = 0;
			knownRegions = (
				en,
				Base,
			);
			mainGroup = 2397FD952F676BD80064D57F;
			minimizedProjectReferenceProxies = 1;
			packageReferences = (
				232490682F67B5DB00B5A9C7 /* XCRemoteSwiftPackageReference "SwiftSoup" */,
			);
			preferredProjectObjectVersion = 77;
			productRefGroup = 2397FD9F2F676BD80064D57F /* Products */;
			projectDirPath = "";
			projectRoot = "";
			targets = (
				2397FD9D2F676BD80064D57F /* NOAA Weather */,
				2397FDAA2F676BDA0064D57F /* NOAA WeatherTests */,
				2397FDB42F676BDA0064D57F /* NOAA WeatherUITests */,
				23F27EFE2F719E5200A2B2FE /* wildcat.NOAA-Weather.widgetsExtension */,
			);
		};
/* End PBXProject section */

/* Begin PBXResourcesBuildPhase section */
		2397FD9C2F676BD80064D57F /* Resources */ = {
			isa = PBXResourcesBuildPhase;
			buildActionMask = 2147483647;
			files = (
			);
			runOnlyForDeploymentPostprocessing = 0;
		};
		2397FDA92F676BDA0064D57F /* Resources */ = {
			isa = PBXResourcesBuildPhase;
			buildActionMask = 2147483647;
			files = (
			);
			runOnlyForDeploymentPostprocessing = 0;
		};
		2397FDB32F676BDA0064D57F /* Resources */ = {
			isa = PBXResourcesBuildPhase;
			buildActionMask = 2147483647;
			files = (
			);
			runOnlyForDeploymentPostprocessing = 0;
		};
		23F27EFD2F719E5200A2B2FE /* Resources */ = {
			isa = PBXResourcesBuildPhase;
			buildActionMask = 2147483647;
			files = (
			);
			runOnlyForDeploymentPostprocessing = 0;
		};
/* End PBXResourcesBuildPhase section */

/* Begin PBXSourcesBuildPhase section */
		2397FD9A2F676BD80064D57F /* Sources */ = {
			isa = PBXSourcesBuildPhase;
			buildActionMask = 2147483647;
			files = (
			);
			runOnlyForDeploymentPostprocessing = 0;
		};
		2397FDA72F676BDA0064D57F /* Sources */ = {
			isa = PBXSourcesBuildPhase;
			buildActionMask = 2147483647;
			files = (
			);
			runOnlyForDeploymentPostprocessing = 0;
		};
		2397FDB12F676BDA0064D57F /* Sources */ = {
			isa = PBXSourcesBuildPhase;
			buildActionMask = 2147483647;
			files = (
			);
			runOnlyForDeploymentPostprocessing = 0;
		};
		23F27EFB2F719E5200A2B2FE /* Sources */ = {
			isa = PBXSourcesBuildPhase;
			buildActionMask = 2147483647;
			files = (
			);
			runOnlyForDeploymentPostprocessing = 0;
		};
/* End PBXSourcesBuildPhase section */

/* Begin PBXTargetDependency section */
		2397FDAD2F676BDA0064D57F /* PBXTargetDependency */ = {
			isa = PBXTargetDependency;
			target = 2397FD9D2F676BD80064D57F /* NOAA Weather */;
			targetProxy = 2397FDAC2F676BDA0064D57F /* PBXContainerItemProxy */;
		};
		2397FDB72F676BDA0064D57F /* PBXTargetDependency */ = {
			isa = PBXTargetDependency;
			target = 2397FD9D2F676BD80064D57F /* NOAA Weather */;
			targetProxy = 2397FDB62F676BDA0064D57F /* PBXContainerItemProxy */;
		};
		23F27F142F719E5500A2B2FE /* PBXTargetDependency */ = {
			isa = PBXTargetDependency;
			target = 23F27EFE2F719E5200A2B2FE /* wildcat.NOAA-Weather.widgetsExtension */;
			targetProxy = 23F27F132F719E5500A2B2FE /* PBXContainerItemProxy */;
		};
/* End PBXTargetDependency section */

/* Begin XCBuildConfiguration section */
		2397FDBD2F676BDA0064D57F /* Debug */ = {
			isa = XCBuildConfiguration;
			buildSettings = {
				ALWAYS_SEARCH_USER_PATHS = NO;
				ASSETCATALOG_COMPILER_GENERATE_SWIFT_ASSET_SYMBOL_EXTENSIONS = YES;
				CLANG_ANALYZER_NONNULL = YES;
				CLANG_ANALYZER_NUMBER_OBJECT_CONVERSION = YES_AGGRESSIVE;
				CLANG_CXX_LANGUAGE_STANDARD = "gnu++20";
				CLANG_ENABLE_MODULES = YES;
				CLANG_ENABLE_OBJC_ARC = YES;
				CLANG_ENABLE_OBJC_WEAK = YES;
				CLANG_WARN_BLOCK_CAPTURE_AUTORELEASING = YES;
				CLANG_WARN_BOOL_CONVERSION = YES;
				CLANG_WARN_COMMA = YES;
				CLANG_WARN_CONSTANT_CONVERSION = YES;
				CLANG_WARN_DEPRECATED_OBJC_IMPLEMENTATIONS = YES;
				CLANG_WARN_DIRECT_OBJC_ISA_USAGE = YES_ERROR;
				CLANG_WARN_DOCUMENTATION_COMMENTS = YES;
				CLANG_WARN_EMPTY_BODY = YES;
				CLANG_WARN_ENUM_CONVERSION = YES;
				CLANG_WARN_INFINITE_RECURSION = YES;
				CLANG_WARN_INT_CONVERSION = YES;
				CLANG_WARN_NON_LITERAL_NULL_CONVERSION = YES;
				CLANG_WARN_OBJC_IMPLICIT_RETAIN_SELF = YES;
				CLANG_WARN_OBJC_LITERAL_CONVERSION = YES;
				CLANG_WARN_OBJC_ROOT_CLASS = YES_ERROR;
				CLANG_WARN_QUOTED_INCLUDE_IN_FRAMEWORK_HEADER = YES;
				CLANG_WARN_RANGE_LOOP_ANALYSIS = YES;
				CLANG_WARN_STRICT_PROTOTYPES = YES;
				CLANG_WARN_SUSPICIOUS_MOVE = YES;
				CLANG_WARN_UNGUARDED_AVAILABILITY = YES_AGGRESSIVE;
				CLANG_WARN_UNREACHABLE_CODE = YES;
				CLANG_WARN__DUPLICATE_METHOD_MATCH = YES;
				COPY_PHASE_STRIP = NO;
				DEBUG_INFORMATION_FORMAT = dwarf;
				DEVELOPMENT_TEAM = PQW4KRLW78;
				ENABLE_STRICT_OBJC_MSGSEND = YES;
				ENABLE_TESTABILITY = YES;
				ENABLE_USER_SCRIPT_SANDBOXING = YES;
				GCC_C_LANGUAGE_STANDARD = gnu17;
				GCC_DYNAMIC_NO_PIC = NO;
				GCC_NO_COMMON_BLOCKS = YES;
				GCC_OPTIMIZATION_LEVEL = 0;
				GCC_PREPROCESSOR_DEFINITIONS = (
					"DEBUG=1",
					"$(inherited)",
				);
				GCC_WARN_64_TO_32_BIT_CONVERSION = YES;
				GCC_WARN_ABOUT_RETURN_TYPE = YES_ERROR;
				GCC_WARN_UNDECLARED_SELECTOR = YES;
				GCC_WARN_UNINITIALIZED_AUTOS = YES_AGGRESSIVE;
				GCC_WARN_UNUSED_FUNCTION = YES;
				GCC_WARN_UNUSED_VARIABLE = YES;
				IPHONEOS_DEPLOYMENT_TARGET = 26.2;
				LOCALIZATION_PREFERS_STRING_CATALOGS = YES;
				MTL_ENABLE_DEBUG_INFO = INCLUDE_SOURCE;
				MTL_FAST_MATH = YES;
				ONLY_ACTIVE_ARCH = YES;
				SDKROOT = iphoneos;
				SWIFT_ACTIVE_COMPILATION_CONDITIONS = "DEBUG $(inherited)";
				SWIFT_OPTIMIZATION_LEVEL = "-Onone";
			};
			name = Debug;
		};
		2397FDBE2F676BDA0064D57F /* Release */ = {
			isa = XCBuildConfiguration;
			buildSettings = {
				ALWAYS_SEARCH_USER_PATHS = NO;
				ASSETCATALOG_COMPILER_GENERATE_SWIFT_ASSET_SYMBOL_EXTENSIONS = YES;
				CLANG_ANALYZER_NONNULL = YES;
				CLANG_ANALYZER_NUMBER_OBJECT_CONVERSION = YES_AGGRESSIVE;
				CLANG_CXX_LANGUAGE_STANDARD = "gnu++20";
				CLANG_ENABLE_MODULES = YES;
				CLANG_ENABLE_OBJC_ARC = YES;
				CLANG_ENABLE_OBJC_WEAK = YES;
				CLANG_WARN_BLOCK_CAPTURE_AUTORELEASING = YES;
				CLANG_WARN_BOOL_CONVERSION = YES;
				CLANG_WARN_COMMA = YES;
				CLANG_WARN_CONSTANT_CONVERSION = YES;
				CLANG_WARN_DEPRECATED_OBJC_IMPLEMENTATIONS = YES;
				CLANG_WARN_DIRECT_OBJC_ISA_USAGE = YES_ERROR;
				CLANG_WARN_DOCUMENTATION_COMMENTS = YES;
				CLANG_WARN_EMPTY_BODY = YES;
				CLANG_WARN_ENUM_CONVERSION = YES;
				CLANG_WARN_INFINITE_RECURSION = YES;
				CLANG_WARN_INT_CONVERSION = YES;
				CLANG_WARN_NON_LITERAL_NULL_CONVERSION = YES;
				CLANG_WARN_OBJC_IMPLICIT_RETAIN_SELF = YES;
				CLANG_WARN_OBJC_LITERAL_CONVERSION = YES;
				CLANG_WARN_OBJC_ROOT_CLASS = YES_ERROR;
				CLANG_WARN_QUOTED_INCLUDE_IN_FRAMEWORK_HEADER = YES;
				CLANG_WARN_RANGE_LOOP_ANALYSIS = YES;
				CLANG_WARN_STRICT_PROTOTYPES = YES;
				CLANG_WARN_SUSPICIOUS_MOVE = YES;
				CLANG_WARN_UNGUARDED_AVAILABILITY = YES_AGGRESSIVE;
				CLANG_WARN_UNREACHABLE_CODE = YES;
				CLANG_WARN__DUPLICATE_METHOD_MATCH = YES;
				COPY_PHASE_STRIP = NO;
				DEBUG_INFORMATION_FORMAT = "dwarf-with-dsym";
				DEVELOPMENT_TEAM = PQW4KRLW78;
				ENABLE_NS_ASSERTIONS = NO;
				ENABLE_STRICT_OBJC_MSGSEND = YES;
				ENABLE_USER_SCRIPT_SANDBOXING = YES;
				GCC_C_LANGUAGE_STANDARD = gnu17;
				GCC_NO_COMMON_BLOCKS = YES;
				GCC_WARN_64_TO_32_BIT_CONVERSION = YES;
				GCC_WARN_ABOUT_RETURN_TYPE = YES_ERROR;
				GCC_WARN_UNDECLARED_SELECTOR = YES;
				GCC_WARN_UNINITIALIZED_AUTOS = YES_AGGRESSIVE;
				GCC_WARN_UNUSED_FUNCTION = YES;
				GCC_WARN_UNUSED_VARIABLE = YES;
				IPHONEOS_DEPLOYMENT_TARGET = 26.2;
				LOCALIZATION_PREFERS_STRING_CATALOGS = YES;
				MTL_ENABLE_DEBUG_INFO = NO;
				MTL_FAST_MATH = YES;
				SDKROOT = iphoneos;
				SWIFT_COMPILATION_MODE = wholemodule;
				VALIDATE_PRODUCT = YES;
			};
			name = Release;
		};
		2397FDC02F676BDA0064D57F /* Debug */ = {
			isa = XCBuildConfiguration;
			buildSettings = {
				ASSETCATALOG_COMPILER_APPICON_NAME = AppIcon;
				ASSETCATALOG_COMPILER_GLOBAL_ACCENT_COLOR_NAME = AccentColor;
				CODE_SIGN_ENTITLEMENTS = "NOAA Weather/NOAA Weather.entitlements";
				CODE_SIGN_STYLE = Automatic;
				CURRENT_PROJECT_VERSION = 1;
				DEVELOPMENT_TEAM = PQW4KRLW78;
				ENABLE_PREVIEWS = YES;
				GENERATE_INFOPLIST_FILE = YES;
				INFOPLIST_FILE = "NOAA-Weather-Info.plist";
				INFOPLIST_KEY_NSLocationWhenInUseUsageDescription = "We need your location to show your local weather.";
				INFOPLIST_KEY_UIApplicationSceneManifest_Generation = YES;
				INFOPLIST_KEY_UIApplicationSupportsIndirectInputEvents = YES;
				INFOPLIST_KEY_UILaunchScreen_Generation = YES;
				INFOPLIST_KEY_UISupportedInterfaceOrientations_iPad = "UIInterfaceOrientationPortrait UIInterfaceOrientationPortraitUpsideDown UIInterfaceOrientationLandscapeLeft UIInterfaceOrientationLandscapeRight";
				INFOPLIST_KEY_UISupportedInterfaceOrientations_iPhone = "UIInterfaceOrientationPortrait UIInterfaceOrientationLandscapeLeft UIInterfaceOrientationLandscapeRight";
				IPHONEOS_DEPLOYMENT_TARGET = 17.0;
				LD_RUNPATH_SEARCH_PATHS = (
					"$(inherited)",
					"@executable_path/Frameworks",
				);
				MARKETING_VERSION = 1.0;
				PRODUCT_BUNDLE_IDENTIFIER = "wildcat.NOAA-Weather.WeatherApp";
				PRODUCT_NAME = "$(TARGET_NAME)";
				STRING_CATALOG_GENERATE_SYMBOLS = YES;
				SWIFT_APPROACHABLE_CONCURRENCY = YES;
				SWIFT_DEFAULT_ACTOR_ISOLATION = MainActor;
				SWIFT_EMIT_LOC_STRINGS = YES;
				SWIFT_UPCOMING_FEATURE_MEMBER_IMPORT_VISIBILITY = YES;
				SWIFT_VERSION = 5.0;
				TARGETED_DEVICE_FAMILY = "1,2";
			};
			name = Debug;
		};
		2397FDC12F676BDA0064D57F /* Release */ = {
			isa = XCBuildConfiguration;
			buildSettings = {
				ASSETCATALOG_COMPILER_APPICON_NAME = AppIcon;
				ASSETCATALOG_COMPILER_GLOBAL_ACCENT_COLOR_NAME = AccentColor;
				CODE_SIGN_ENTITLEMENTS = "NOAA Weather/NOAA Weather.entitlements";
				CODE_SIGN_STYLE = Automatic;
				CURRENT_PROJECT_VERSION = 1;
				DEVELOPMENT_TEAM = PQW4KRLW78;
				ENABLE_PREVIEWS = YES;
				GENERATE_INFOPLIST_FILE = YES;
				INFOPLIST_FILE = "NOAA-Weather-Info.plist";
				INFOPLIST_KEY_NSLocationWhenInUseUsageDescription = "We need your location to show your local weather.";
				INFOPLIST_KEY_UIApplicationSceneManifest_Generation = YES;
				INFOPLIST_KEY_UIApplicationSupportsIndirectInputEvents = YES;
				INFOPLIST_KEY_UILaunchScreen_Generation = YES;
				INFOPLIST_KEY_UISupportedInterfaceOrientations_iPad = "UIInterfaceOrientationPortrait UIInterfaceOrientationPortraitUpsideDown UIInterfaceOrientationLandscapeLeft UIInterfaceOrientationLandscapeRight";
				INFOPLIST_KEY_UISupportedInterfaceOrientations_iPhone = "UIInterfaceOrientationPortrait UIInterfaceOrientationLandscapeLeft UIInterfaceOrientationLandscapeRight";
				IPHONEOS_DEPLOYMENT_TARGET = 17.0;
				LD_RUNPATH_SEARCH_PATHS = (
					"$(inherited)",
					"@executable_path/Frameworks",
				);
				MARKETING_VERSION = 1.0;
				PRODUCT_BUNDLE_IDENTIFIER = "wildcat.NOAA-Weather.WeatherApp";
				PRODUCT_NAME = "$(TARGET_NAME)";
				STRING_CATALOG_GENERATE_SYMBOLS = YES;
				SWIFT_APPROACHABLE_CONCURRENCY = YES;
				SWIFT_DEFAULT_ACTOR_ISOLATION = MainActor;
				SWIFT_EMIT_LOC_STRINGS = YES;
				SWIFT_UPCOMING_FEATURE_MEMBER_IMPORT_VISIBILITY = YES;
				SWIFT_VERSION = 5.0;
				TARGETED_DEVICE_FAMILY = "1,2";
			};
			name = Release;
		};
		2397FDC32F676BDA0064D57F /* Debug */ = {
			isa = XCBuildConfiguration;
			buildSettings = {
				BUNDLE_LOADER = "$(TEST_HOST)";
				CODE_SIGN_STYLE = Automatic;
				CURRENT_PROJECT_VERSION = 1;
				DEVELOPMENT_TEAM = PQW4KRLW78;
				GENERATE_INFOPLIST_FILE = YES;
				IPHONEOS_DEPLOYMENT_TARGET = 26.2;
				MARKETING_VERSION = 1.0;
				PRODUCT_BUNDLE_IDENTIFIER = "wildcat.playbackTest.NOAA-WeatherTests";
				PRODUCT_NAME = "$(TARGET_NAME)";
				STRING_CATALOG_GENERATE_SYMBOLS = NO;
				SWIFT_APPROACHABLE_CONCURRENCY = YES;
				SWIFT_EMIT_LOC_STRINGS = NO;
				SWIFT_UPCOMING_FEATURE_MEMBER_IMPORT_VISIBILITY = YES;
				SWIFT_VERSION = 5.0;
				TARGETED_DEVICE_FAMILY = "1,2";
				TEST_HOST = "$(BUILT_PRODUCTS_DIR)/NOAA Weather.app/$(BUNDLE_EXECUTABLE_FOLDER_PATH)/NOAA Weather";
			};
			name = Debug;
		};
		2397FDC42F676BDA0064D57F /* Release */ = {
			isa = XCBuildConfiguration;
			buildSettings = {
				BUNDLE_LOADER = "$(TEST_HOST)";
				CODE_SIGN_STYLE = Automatic;
				CURRENT_PROJECT_VERSION = 1;
				DEVELOPMENT_TEAM = PQW4KRLW78;
				GENERATE_INFOPLIST_FILE = YES;
				IPHONEOS_DEPLOYMENT_TARGET = 26.2;
				MARKETING_VERSION = 1.0;
				PRODUCT_BUNDLE_IDENTIFIER = "wildcat.playbackTest.NOAA-WeatherTests";
				PRODUCT_NAME = "$(TARGET_NAME)";
				STRING_CATALOG_GENERATE_SYMBOLS = NO;
				SWIFT_APPROACHABLE_CONCURRENCY = YES;
				SWIFT_EMIT_LOC_STRINGS = NO;
				SWIFT_UPCOMING_FEATURE_MEMBER_IMPORT_VISIBILITY = YES;
				SWIFT_VERSION = 5.0;
				TARGETED_DEVICE_FAMILY = "1,2";
				TEST_HOST = "$(BUILT_PRODUCTS_DIR)/NOAA Weather.app/$(BUNDLE_EXECUTABLE_FOLDER_PATH)/NOAA Weather";
			};
			name = Release;
		};
		2397FDC62F676BDA0064D57F /* Debug */ = {
			isa = XCBuildConfiguration;
			buildSettings = {
				CODE_SIGN_STYLE = Automatic;
				CURRENT_PROJECT_VERSION = 1;
				DEVELOPMENT_TEAM = PQW4KRLW78;
				GENERATE_INFOPLIST_FILE = YES;
				MARKETING_VERSION = 1.0;
				PRODUCT_BUNDLE_IDENTIFIER = "wildcat.playbackTest.NOAA-WeatherUITests";
				PRODUCT_NAME = "$(TARGET_NAME)";
				STRING_CATALOG_GENERATE_SYMBOLS = NO;
				SWIFT_APPROACHABLE_CONCURRENCY = YES;
				SWIFT_EMIT_LOC_STRINGS = NO;
				SWIFT_UPCOMING_FEATURE_MEMBER_IMPORT_VISIBILITY = YES;
				SWIFT_VERSION = 5.0;
				TARGETED_DEVICE_FAMILY = "1,2";
				TEST_TARGET_NAME = "NOAA Weather";
			};
			name = Debug;
		};
		2397FDC72F676BDA0064D57F /* Release */ = {
			isa = XCBuildConfiguration;
			buildSettings = {
				CODE_SIGN_STYLE = Automatic;
				CURRENT_PROJECT_VERSION = 1;
				DEVELOPMENT_TEAM = PQW4KRLW78;
				GENERATE_INFOPLIST_FILE = YES;
				MARKETING_VERSION = 1.0;
				PRODUCT_BUNDLE_IDENTIFIER = "wildcat.playbackTest.NOAA-WeatherUITests";
				PRODUCT_NAME = "$(TARGET_NAME)";
				STRING_CATALOG_GENERATE_SYMBOLS = NO;
				SWIFT_APPROACHABLE_CONCURRENCY = YES;
				SWIFT_EMIT_LOC_STRINGS = NO;
				SWIFT_UPCOMING_FEATURE_MEMBER_IMPORT_VISIBILITY = YES;
				SWIFT_VERSION = 5.0;
				TARGETED_DEVICE_FAMILY = "1,2";
				TEST_TARGET_NAME = "NOAA Weather";
			};
			name = Release;
		};
		23F27F182F719E5500A2B2FE /* Debug */ = {
			isa = XCBuildConfiguration;
			buildSettings = {
				ASSETCATALOG_COMPILER_GLOBAL_ACCENT_COLOR_NAME = AccentColor;
				ASSETCATALOG_COMPILER_WIDGET_BACKGROUND_COLOR_NAME = WidgetBackground;
				CODE_SIGN_ENTITLEMENTS = "wildcat.NOAA-Weather.widgetsExtension.entitlements";
				CODE_SIGN_STYLE = Automatic;
				CURRENT_PROJECT_VERSION = 1;
				DEVELOPMENT_TEAM = PQW4KRLW78;
				GENERATE_INFOPLIST_FILE = YES;
				INFOPLIST_FILE = "wildcat.NOAA-Weather.widgets/Info.plist";
				INFOPLIST_KEY_CFBundleDisplayName = "wildcat.NOAA-Weather.widgets";
				INFOPLIST_KEY_NSHumanReadableCopyright = "";
				LD_RUNPATH_SEARCH_PATHS = (
					"$(inherited)",
					"@executable_path/Frameworks",
					"@executable_path/../../Frameworks",
				);
				MARKETING_VERSION = 1.0;
				PRODUCT_BUNDLE_IDENTIFIER = "wildcat.NOAA-Weather.WeatherApp.wildcat-NOAA-Weather-widgets";
				PRODUCT_NAME = "$(TARGET_NAME)";
				SKIP_INSTALL = YES;
				STRING_CATALOG_GENERATE_SYMBOLS = YES;
				SWIFT_APPROACHABLE_CONCURRENCY = YES;
				SWIFT_EMIT_LOC_STRINGS = YES;
				SWIFT_UPCOMING_FEATURE_MEMBER_IMPORT_VISIBILITY = YES;
				SWIFT_VERSION = 5.0;
				TARGETED_DEVICE_FAMILY = "1,2";
			};
			name = Debug;
		};
		23F27F192F719E5500A2B2FE /* Release */ = {
			isa = XCBuildConfiguration;
			buildSettings = {
				ASSETCATALOG_COMPILER_GLOBAL_ACCENT_COLOR_NAME = AccentColor;
				ASSETCATALOG_COMPILER_WIDGET_BACKGROUND_COLOR_NAME = WidgetBackground;
				CODE_SIGN_ENTITLEMENTS = "wildcat.NOAA-Weather.widgetsExtension.entitlements";
				CODE_SIGN_STYLE = Automatic;
				CURRENT_PROJECT_VERSION = 1;
				DEVELOPMENT_TEAM = PQW4KRLW78;
				GENERATE_INFOPLIST_FILE = YES;
				INFOPLIST_FILE = "wildcat.NOAA-Weather.widgets/Info.plist";
				INFOPLIST_KEY_CFBundleDisplayName = "wildcat.NOAA-Weather.widgets";
				INFOPLIST_KEY_NSHumanReadableCopyright = "";
				LD_RUNPATH_SEARCH_PATHS = (
					"$(inherited)",
					"@executable_path/Frameworks",
					"@executable_path/../../Frameworks",
				);
				MARKETING_VERSION = 1.0;
				PRODUCT_BUNDLE_IDENTIFIER = "wildcat.NOAA-Weather.WeatherApp.wildcat-NOAA-Weather-widgets";
				PRODUCT_NAME = "$(TARGET_NAME)";
				SKIP_INSTALL = YES;
				STRING_CATALOG_GENERATE_SYMBOLS = YES;
				SWIFT_APPROACHABLE_CONCURRENCY = YES;
				SWIFT_EMIT_LOC_STRINGS = YES;
				SWIFT_UPCOMING_FEATURE_MEMBER_IMPORT_VISIBILITY = YES;
				SWIFT_VERSION = 5.0;
				TARGETED_DEVICE_FAMILY = "1,2";
			};
			name = Release;
		};
/* End XCBuildConfiguration section */

/* Begin XCConfigurationList section */
		2397FD992F676BD80064D57F /* Build configuration list for PBXProject "NOAA Weather" */ = {
			isa = XCConfigurationList;
			buildConfigurations = (
				2397FDBD2F676BDA0064D57F /* Debug */,
				2397FDBE2F676BDA0064D57F /* Release */,
			);
			defaultConfigurationIsVisible = 0;
			defaultConfigurationName = Release;
		};
		2397FDBF2F676BDA0064D57F /* Build configuration list for PBXNativeTarget "NOAA Weather" */ = {
			isa = XCConfigurationList;
			buildConfigurations = (
				2397FDC02F676BDA0064D57F /* Debug */,
				2397FDC12F676BDA0064D57F /* Release */,
			);
			defaultConfigurationIsVisible = 0;
			defaultConfigurationName = Release;
		};
		2397FDC22F676BDA0064D57F /* Build configuration list for PBXNativeTarget "NOAA WeatherTests" */ = {
			isa = XCConfigurationList;
			buildConfigurations = (
				2397FDC32F676BDA0064D57F /* Debug */,
				2397FDC42F676BDA0064D57F /* Release */,
			);
			defaultConfigurationIsVisible = 0;
			defaultConfigurationName = Release;
		};
		2397FDC52F676BDA0064D57F /* Build configuration list for PBXNativeTarget "NOAA WeatherUITests" */ = {
			isa = XCConfigurationList;
			buildConfigurations = (
				2397FDC62F676BDA0064D57F /* Debug */,
				2397FDC72F676BDA0064D57F /* Release */,
			);
			defaultConfigurationIsVisible = 0;
			defaultConfigurationName = Release;
		};
		23F27F172F719E5500A2B2FE /* Build configuration list for PBXNativeTarget "wildcat.NOAA-Weather.widgetsExtension" */ = {
			isa = XCConfigurationList;
			buildConfigurations = (
				23F27F182F719E5500A2B2FE /* Debug */,
				23F27F192F719E5500A2B2FE /* Release */,
			);
			defaultConfigurationIsVisible = 0;
			defaultConfigurationName = Release;
		};
/* End XCConfigurationList section */

/* Begin XCRemoteSwiftPackageReference section */
		232490682F67B5DB00B5A9C7 /* XCRemoteSwiftPackageReference "SwiftSoup" */ = {
			isa = XCRemoteSwiftPackageReference;
			repositoryURL = "https://github.com/scinfu/SwiftSoup";
			requirement = {
				kind = upToNextMajorVersion;
				minimumVersion = 2.13.1;
			};
		};
/* End XCRemoteSwiftPackageReference section */

/* Begin XCSwiftPackageProductDependency section */
		232490692F67B5DB00B5A9C7 /* SwiftSoup */ = {
			isa = XCSwiftPackageProductDependency;
			package = 232490682F67B5DB00B5A9C7 /* XCRemoteSwiftPackageReference "SwiftSoup" */;
			productName = SwiftSoup;
		};
		2324906B2F67B5DB00B5A9C7 /* SwiftSoupProfile */ = {
			isa = XCSwiftPackageProductDependency;
			package = 232490682F67B5DB00B5A9C7 /* XCRemoteSwiftPackageReference "SwiftSoup" */;
			productName = SwiftSoupProfile;
		};
		2365272A2F74A8720077C95B /* SwiftSoup */ = {
			isa = XCSwiftPackageProductDependency;
			package = 232490682F67B5DB00B5A9C7 /* XCRemoteSwiftPackageReference "SwiftSoup" */;
			productName = SwiftSoup;
		};
/* End XCSwiftPackageProductDependency section */
	};
	rootObject = 2397FD962F676BD80064D57F /* Project object */;
}
